
Microsoft Visual Studio Solution File, Format Version 12.00
# Visual Studio Version 16
VisualStudioVersion = 16.0.32126.315
MinimumVisualStudioVersion = 10.0.40219.1
Project("{FAE04EC0-301F-11D3-BF4B-00C04F79EFBC}") = "P129Sealed", "P129Sealed.csproj", "{CD78A45B-6F75-4F36-AD37-42D8C456CD3E}"
EndProject
Global
	GlobalSection(SolutionConfigurationPlatforms) = preSolution
		Debug|Any CPU = Debug|Any CPU
		Release|Any CPU = Release|Any CPU
	EndGlobalSection
	GlobalSection(ProjectConfigurationPlatforms) = postSolution
		{CD78A45B-6F75-4F36-AD37-42D8C456CD3E}.Debug|Any CPU.ActiveCfg = Debug|Any CPU
		{CD78A45B-6F75-4F36-AD37-42D8C456CD3E}.Debug|Any CPU.Build.0 = Debug|Any CPU
		{CD78A45B-6F75-4F36-AD37-42D8C456CD3E}.Release|Any CPU.ActiveCfg = Release|Any CPU
		{CD78A45B-6F75-4F36-AD37-42D8C456CD3E}.Release|Any CPU.Build.0 = Release|Any CPU
	EndGlobalSection
	GlobalSection(SolutionProperties) = preSolution
		HideSolutionNode = FALSE
	EndGlobalSection
	GlobalSection(ExtensibilityGlobals) = postSolution
		SolutionGuid = {7D1B93F3-64C7-409B-8709-07D4444C8D1A}
	EndGlobalSection
EndGlobal
